
Microsoft Visual Studio Solution File, Format Version 12.00
# Visual Studio Version 17
VisualStudioVersion = 17.7.34031.279
MinimumVisualStudioVersion = 10.0.40219.1
Project("{FAE04EC0-301F-11D3-BF4B-00C04F79EFBC}") = "Examen1.DAL", "Examen1.DAL\Examen1.DAL.csproj", "{A76B2C19-BBDB-466C-91DF-52EC25F9121E}"
EndProject
Project("{FAE04EC0-301F-11D3-BF4B-00C04F79EFBC}") = "Examen1.BSS", "Examen1.BSS\Examen1.BSS.csproj", "{9C10FC58-C78D-4557-8E0F-2156C6DE86F8}"
EndProject
Project("{FAE04EC0-301F-11D3-BF4B-00C04F79EFBC}") = "Examen1.MODELOS", "Examen1.MODELOS\Examen1.MODELOS.csproj", "{5BF612FA-46CE-4990-9073-8F7A5654E24A}"
EndProject
Project("{FAE04EC0-301F-11D3-BF4B-00C04F79EFBC}") = "Examen1.VISTA", "Examen1.VISTA\Examen1.VISTA.csproj", "{8FC65D98-337A-4F46-913F-44209E8FF960}"
EndProject
Global
	GlobalSection(SolutionConfigurationPlatforms) = preSolution
		Debug|Any CPU = Debug|Any CPU
		Release|Any CPU = Release|Any CPU
	EndGlobalSection
	GlobalSection(ProjectConfigurationPlatforms) = postSolution
		{A76B2C19-BBDB-466C-91DF-52EC25F9121E}.Debug|Any CPU.ActiveCfg = Debug|Any CPU
		{A76B2C19-BBDB-466C-91DF-52EC25F9121E}.Debug|Any CPU.Build.0 = Debug|Any CPU
		{A76B2C19-BBDB-466C-91DF-52EC25F9121E}.Release|Any CPU.ActiveCfg = Release|Any CPU
		{A76B2C19-BBDB-466C-91DF-52EC25F9121E}.Release|Any CPU.Build.0 = Release|Any CPU
		{9C10FC58-C78D-4557-8E0F-2156C6DE86F8}.Debug|Any CPU.ActiveCfg = Debug|Any CPU
		{9C10FC58-C78D-4557-8E0F-2156C6DE86F8}.Debug|Any CPU.Build.0 = Debug|Any CPU
		{9C10FC58-C78D-4557-8E0F-2156C6DE86F8}.Release|Any CPU.ActiveCfg = Release|Any CPU
		{9C10FC58-C78D-4557-8E0F-2156C6DE86F8}.Release|Any CPU.Build.0 = Release|Any CPU
		{5BF612FA-46CE-4990-9073-8F7A5654E24A}.Debug|Any CPU.ActiveCfg = Debug|Any CPU
		{5BF612FA-46CE-4990-9073-8F7A5654E24A}.Debug|Any CPU.Build.0 = Debug|Any CPU
		{5BF612FA-46CE-4990-9073-8F7A5654E24A}.Release|Any CPU.ActiveCfg = Release|Any CPU
		{5BF612FA-46CE-4990-9073-8F7A5654E24A}.Release|Any CPU.Build.0 = Release|Any CPU
		{8FC65D98-337A-4F46-913F-44209E8FF960}.Debug|Any CPU.ActiveCfg = Debug|Any CPU
		{8FC65D98-337A-4F46-913F-44209E8FF960}.Debug|Any CPU.Build.0 = Debug|Any CPU
		{8FC65D98-337A-4F46-913F-44209E8FF960}.Release|Any CPU.ActiveCfg = Release|Any CPU
		{8FC65D98-337A-4F46-913F-44209E8FF960}.Release|Any CPU.Build.0 = Release|Any CPU
	EndGlobalSection
	GlobalSection(SolutionProperties) = preSolution
		HideSolutionNode = FALSE
	EndGlobalSection
	GlobalSection(ExtensibilityGlobals) = postSolution
		SolutionGuid = {4260B57A-E5E8-487E-9641-65D9F72432AE}
	EndGlobalSection
EndGlobal
